
Microsoft Visual Studio Solution File, Format Version 12.00
# Visual Studio Version 16
VisualStudioVersion = 16.0.29806.167
MinimumVisualStudioVersion = 10.0.40219.1
Project("{FAE04EC0-301F-11D3-BF4B-00C04F79EFBC}") = "Model", "Model\Model.csproj", "{95082761-5528-4D32-A847-031333B352AE}"
EndProject
Project("{FAE04EC0-301F-11D3-BF4B-00C04F79EFBC}") = "UnitTests", "UnitTests\UnitTests.csproj", "{889E5B8C-F2A8-4666-8A38-4B4C2FEF4277}"
EndProject
Project("{FAE04EC0-301F-11D3-BF4B-00C04F79EFBC}") = "View", "View\View.csproj", "{B9A9C9CD-2DDA-41B2-B98B-D096E607DF84}"
EndProject
Global
	GlobalSection(SolutionConfigurationPlatforms) = preSolution
		Debug|Any CPU = Debug|Any CPU
		Release|Any CPU = Release|Any CPU
	EndGlobalSection
	GlobalSection(ProjectConfigurationPlatforms) = postSolution
		{95082761-5528-4D32-A847-031333B352AE}.Debug|Any CPU.ActiveCfg = Debug|Any CPU
		{95082761-5528-4D32-A847-031333B352AE}.Debug|Any CPU.Build.0 = Debug|Any CPU
		{95082761-5528-4D32-A847-031333B352AE}.Release|Any CPU.ActiveCfg = Release|Any CPU
		{95082761-5528-4D32-A847-031333B352AE}.Release|Any CPU.Build.0 = Release|Any CPU
		{889E5B8C-F2A8-4666-8A38-4B4C2FEF4277}.Debug|Any CPU.ActiveCfg = Debug|Any CPU
		{889E5B8C-F2A8-4666-8A38-4B4C2FEF4277}.Debug|Any CPU.Build.0 = Debug|Any CPU
		{889E5B8C-F2A8-4666-8A38-4B4C2FEF4277}.Release|Any CPU.ActiveCfg = Release|Any CPU
		{889E5B8C-F2A8-4666-8A38-4B4C2FEF4277}.Release|Any CPU.Build.0 = Release|Any CPU
		{B9A9C9CD-2DDA-41B2-B98B-D096E607DF84}.Debug|Any CPU.ActiveCfg = Debug|Any CPU
		{B9A9C9CD-2DDA-41B2-B98B-D096E607DF84}.Debug|Any CPU.Build.0 = Debug|Any CPU
		{B9A9C9CD-2DDA-41B2-B98B-D096E607DF84}.Release|Any CPU.ActiveCfg = Release|Any CPU
		{B9A9C9CD-2DDA-41B2-B98B-D096E607DF84}.Release|Any CPU.Build.0 = Release|Any CPU
	EndGlobalSection
	GlobalSection(SolutionProperties) = preSolution
		HideSolutionNode = FALSE
	EndGlobalSection
	GlobalSection(ExtensibilityGlobals) = postSolution
		SolutionGuid = {3F24A1A8-B4B3-473F-BDF2-530FDB9D4779}
	EndGlobalSection
EndGlobal
