
Microsoft Visual Studio Solution File, Format Version 12.00
# Visual Studio Version 17
VisualStudioVersion = 17.0.31903.59
MinimumVisualStudioVersion = 10.0.40219.1
Project("{FAE04EC0-301F-11D3-BF4B-00C04F79EFBC}") = "Model", "Model\Model.csproj", "{A1CA2DDD-8D8A-46C4-944D-C7E9AF369DA6}"
EndProject
Project("{FAE04EC0-301F-11D3-BF4B-00C04F79EFBC}") = "UnitTests", "UnitTests\UnitTests.csproj", "{F9FAB653-5DA1-4E50-8CC1-23D2922E3C7F}"
EndProject
Project("{FAE04EC0-301F-11D3-BF4B-00C04F79EFBC}") = "UIBattleShip", "UIBattleShip\UIBattleShip.csproj", "{870391D9-CCC9-49C5-BC28-A5669221FDEB}"
EndProject
Global
	GlobalSection(SolutionConfigurationPlatforms) = preSolution
		Debug|Any CPU = Debug|Any CPU
		Release|Any CPU = Release|Any CPU
	EndGlobalSection
	GlobalSection(ProjectConfigurationPlatforms) = postSolution
		{A1CA2DDD-8D8A-46C4-944D-C7E9AF369DA6}.Debug|Any CPU.ActiveCfg = Debug|Any CPU
		{A1CA2DDD-8D8A-46C4-944D-C7E9AF369DA6}.Debug|Any CPU.Build.0 = Debug|Any CPU
		{A1CA2DDD-8D8A-46C4-944D-C7E9AF369DA6}.Release|Any CPU.ActiveCfg = Release|Any CPU
		{A1CA2DDD-8D8A-46C4-944D-C7E9AF369DA6}.Release|Any CPU.Build.0 = Release|Any CPU
		{F9FAB653-5DA1-4E50-8CC1-23D2922E3C7F}.Debug|Any CPU.ActiveCfg = Debug|Any CPU
		{F9FAB653-5DA1-4E50-8CC1-23D2922E3C7F}.Debug|Any CPU.Build.0 = Debug|Any CPU
		{F9FAB653-5DA1-4E50-8CC1-23D2922E3C7F}.Release|Any CPU.ActiveCfg = Release|Any CPU
		{F9FAB653-5DA1-4E50-8CC1-23D2922E3C7F}.Release|Any CPU.Build.0 = Release|Any CPU
		{870391D9-CCC9-49C5-BC28-A5669221FDEB}.Debug|Any CPU.ActiveCfg = Debug|Any CPU
		{870391D9-CCC9-49C5-BC28-A5669221FDEB}.Debug|Any CPU.Build.0 = Debug|Any CPU
		{870391D9-CCC9-49C5-BC28-A5669221FDEB}.Release|Any CPU.ActiveCfg = Release|Any CPU
		{870391D9-CCC9-49C5-BC28-A5669221FDEB}.Release|Any CPU.Build.0 = Release|Any CPU
	EndGlobalSection
	GlobalSection(SolutionProperties) = preSolution
		HideSolutionNode = FALSE
	EndGlobalSection
	GlobalSection(ExtensibilityGlobals) = postSolution
		SolutionGuid = {3F24A1A8-B4B3-473F-BDF2-530FDB9D4779}
	EndGlobalSection
EndGlobal
